// !$*UTF8*$!
{
	archiveVersion = 1;
	classes = {
	};
	objectVersion = 46;
	objects = {

/* Begin PBXAggregateTarget section */
		48B0AD7CE4C1438B8D163B34 /* ALL_BUILD */ = {
			isa = PBXAggregateTarget;
			buildConfigurationList = C46B9D3F56504D0EA24D71E7 /* Build configuration list for PBXAggregateTarget "ALL_BUILD" */;
			buildPhases = (
				7DBDEFEB93814F068D71096A /* CMake Rules */,
			);
			dependencies = (
				F7E04826A8224FCEA9970558 /* PBXTargetDependency */,
				8DB3F66AEFF549F681AA0BDC /* PBXTargetDependency */,
				D5A3126489454E20B43E90B6 /* PBXTargetDependency */,
				7BB6716ADA1743B89A539892 /* PBXTargetDependency */,
			);
			name = ALL_BUILD;
			productName = ALL_BUILD;
		};
		69517707E73A44A79E98CF68 /* ZERO_CHECK */ = {
			isa = PBXAggregateTarget;
			buildConfigurationList = FFFBAC85468A4CF6A4015B6A /* Build configuration list for PBXAggregateTarget "ZERO_CHECK" */;
			buildPhases = (
				32DA69D7AD0A4E88842F30EA /* CMake Rules */,
			);
			dependencies = (
			);
			name = ZERO_CHECK;
			productName = ZERO_CHECK;
		};
		D2E463AC1A5F44DF8BA03AE5 /* workbench_automoc */ = {
			isa = PBXAggregateTarget;
			buildConfigurationList = D721ADD2886C493CBB806797 /* Build configuration list for PBXAggregateTarget "workbench_automoc" */;
			buildPhases = (
				506E028690B240C9A407CCC7 /* CMake Rules */,
			);
			dependencies = (
			);
			name = workbench_automoc;
			productName = workbench_automoc;
		};
/* End PBXAggregateTarget section */

/* Begin PBXBuildFile section */
		004DAA69E3F34C1FBFF2CBD4 /* qt_widget_perspective.cpp in Sources */ = {isa = PBXBuildFile; fileRef = E3679DF3F2594BD785C4BC24 /* qt_widget_perspective.cpp */; settings = {COMPILER_FLAGS = ""; }; };
		00C4F7D664AA4183B87D7B11 /* RLogChannel.cpp in Sources */ = {isa = PBXBuildFile; fileRef = 57177F65EA434F6DABBF1568 /* RLogChannel.cpp */; settings = {COMPILER_FLAGS = ""; }; };
		0DBAD6A1B5844283AB5E6309 /* polytope.cpp in Sources */ = {isa = PBXBuildFile; fileRef = C44AE159A05E4C4FB4983CCC /* polytope.cpp */; settings = {COMPILER_FLAGS = ""; }; };
		2997C68283CF4911926ED0F5 /* rlog.cpp in Sources */ = {isa = PBXBuildFile; fileRef = 4E9E890ABC6446E39BFA2471 /* rlog.cpp */; settings = {COMPILER_FLAGS = ""; }; };
		3D366CA7C48D4CB8B4475FE4 /* config.cpp in Sources */ = {isa = PBXBuildFile; fileRef = 51B44FC65FAA46629A40B8A9 /* config.cpp */; settings = {COMPILER_FLAGS = ""; }; };
		47BF5661265C497C835F264D /* qt_widget_orthographic.cpp in Sources */ = {isa = PBXBuildFile; fileRef = 406F78DD11F74B368D6C5C39 /* qt_widget_orthographic.cpp */; settings = {COMPILER_FLAGS = ""; }; };
		4882718660384FB8BFFAF057 /* rloginit.cpp in Sources */ = {isa = PBXBuildFile; fileRef = 108BB062EB0E42AC9007BBA7 /* rloginit.cpp */; settings = {COMPILER_FLAGS = ""; }; };
		4BAB8206F66B4513ADE998B8 /* main.cpp in Sources */ = {isa = PBXBuildFile; fileRef = 244064AF1176451BABC0AD42 /* main.cpp */; settings = {COMPILER_FLAGS = ""; }; };
		56316D53B8424333B57218E6 /* polygon.cpp in Sources */ = {isa = PBXBuildFile; fileRef = EF0253F873A14C85A83C9A6E /* polygon.cpp */; settings = {COMPILER_FLAGS = ""; }; };
		5835B25688814D4BB1949FA8 /* RLogTime.cpp in Sources */ = {isa = PBXBuildFile; fileRef = 820C9F758C754A18BF17261A /* RLogTime.cpp */; settings = {COMPILER_FLAGS = ""; }; };
		58F05C98B49740A88CA21998 /* intersection.cpp in Sources */ = {isa = PBXBuildFile; fileRef = 27D15F2AAF0746E8A43B5A46 /* intersection.cpp */; settings = {COMPILER_FLAGS = ""; }; };
		5C765B23C5214E42B08111E8 /* line.cpp in Sources */ = {isa = PBXBuildFile; fileRef = 8AB585CD01264C8FAC610709 /* line.cpp */; settings = {COMPILER_FLAGS = ""; }; };
		5CFA07022DB44647B1C1E6F8 /* quadedge.cpp in Sources */ = {isa = PBXBuildFile; fileRef = D3A820511D9540DEBCD5F322 /* quadedge.cpp */; settings = {COMPILER_FLAGS = ""; }; };
		5FF4D51828194F5EBE1083DB /* workbench_automoc.cpp in Sources */ = {isa = PBXBuildFile; fileRef = FECBD650A322459D84EFA4E0 /* workbench_automoc.cpp */; settings = {COMPILER_FLAGS = ""; }; };
		60450442EB1349EA9792CB4E /* triangle.cpp in Sources */ = {isa = PBXBuildFile; fileRef = D2E79A9DF7914B6DA0C4B908 /* triangle.cpp */; settings = {COMPILER_FLAGS = ""; }; };
		73332DF5FB4D469290362DE6 /* point.cpp in Sources */ = {isa = PBXBuildFile; fileRef = 9479557056EF4AF7A324034C /* point.cpp */; settings = {COMPILER_FLAGS = ""; }; };
		7651691711D24D80A06FA5A7 /* RLogNode.cpp in Sources */ = {isa = PBXBuildFile; fileRef = E1A917DA3C8D4FF3B53997AE /* RLogNode.cpp */; settings = {COMPILER_FLAGS = ""; }; };
		784FE2E7978C4CE7A1AA8AB7 /* StdioNode.cpp in Sources */ = {isa = PBXBuildFile; fileRef = ED3163231996405084072BC1 /* StdioNode.cpp */; settings = {COMPILER_FLAGS = ""; }; };
		8336919A38C54B0AAE53E8BF /* rloglocation.cpp in Sources */ = {isa = PBXBuildFile; fileRef = 5FC5702A5FCD4F5F9723BD71 /* rloglocation.cpp */; settings = {COMPILER_FLAGS = ""; }; };
		886A8B0B950F4A3A9AEEADBB /* common.cpp in Sources */ = {isa = PBXBuildFile; fileRef = 35D8139F84324FD0A95BB2F6 /* common.cpp */; settings = {COMPILER_FLAGS = ""; }; };
		8D9D361E1582411797EA98C4 /* arithmetic.cpp in Sources */ = {isa = PBXBuildFile; fileRef = 0D301E6562854F31B020EC3D /* arithmetic.cpp */; settings = {COMPILER_FLAGS = ""; }; };
		9E946E2DACDB4CFEA79466D5 /* qt_dialog_preferences.cpp in Sources */ = {isa = PBXBuildFile; fileRef = 1D98C94388544DB6B0681D9E /* qt_dialog_preferences.cpp */; settings = {COMPILER_FLAGS = ""; }; };
		A7BF6A9513DA4527A1220DC1 /* visual.cpp in Sources */ = {isa = PBXBuildFile; fileRef = 272A2472B5F549319B7E45E5 /* visual.cpp */; settings = {COMPILER_FLAGS = ""; }; };
		AD48BE70431B4C2880E2A8A5 /* qrc_resources.cpp in Sources */ = {isa = PBXBuildFile; fileRef = 29A161AB98A44048B03CC0DA /* qrc_resources.cpp */; settings = {COMPILER_FLAGS = ""; }; };
		C20562E817E74BA39EDC55CD /* qt_window_main.cpp in Sources */ = {isa = PBXBuildFile; fileRef = C87DB76C922D4354BD2EC2D2 /* qt_window_main.cpp */; settings = {COMPILER_FLAGS = ""; }; };
		C255A32595A14D649F09D615 /* logger.cpp in Sources */ = {isa = PBXBuildFile; fileRef = D682983C9DAC4961A1E6460B /* logger.cpp */; settings = {COMPILER_FLAGS = ""; }; };
		C26E8A9C6A14461FA5AAE556 /* grid.cpp in Sources */ = {isa = PBXBuildFile; fileRef = B875338F001A4ECB82E26BEF /* grid.cpp */; settings = {COMPILER_FLAGS = ""; }; };
		CBA884385D6A42969C6F8591 /* Error.cpp in Sources */ = {isa = PBXBuildFile; fileRef = E6D0FC4AC4A04C00991186F7 /* Error.cpp */; settings = {COMPILER_FLAGS = ""; }; };
		D42CE7C49D864D7AA4EC5F30 /* matrix.cpp in Sources */ = {isa = PBXBuildFile; fileRef = FA1171D5876648858361F3D0 /* matrix.cpp */; settings = {COMPILER_FLAGS = ""; }; };
		DE8E6AAF700B45929302D65A /* scene.cpp in Sources */ = {isa = PBXBuildFile; fileRef = 64FA5856694C42C181B2BDE5 /* scene.cpp */; settings = {COMPILER_FLAGS = ""; }; };
		DF44BEC6EC1D4569ADBBAEE0 /* opengl.cpp in Sources */ = {isa = PBXBuildFile; fileRef = A0389EC611884DF2B5309939 /* opengl.cpp */; settings = {COMPILER_FLAGS = ""; }; };
		E84EDDF26D0A406E8F7B8AA4 /* wedge.cpp in Sources */ = {isa = PBXBuildFile; fileRef = 47427D624ECE4437BE6AE0CD /* wedge.cpp */; settings = {COMPILER_FLAGS = ""; }; };
		EDF998888F014F6B86F5B368 /* RLogPublisher.cpp in Sources */ = {isa = PBXBuildFile; fileRef = E34B5B0D51474E888824B2F7 /* RLogPublisher.cpp */; settings = {COMPILER_FLAGS = ""; }; };
		EE0A322766C143F587999205 /* triangulation.cpp in Sources */ = {isa = PBXBuildFile; fileRef = 313D270E80DE457788A2A7BA /* triangulation.cpp */; settings = {COMPILER_FLAGS = ""; }; };
		FD2FCB111B3D4C949791D10F /* qt_dialog_about.cpp in Sources */ = {isa = PBXBuildFile; fileRef = 01F0E14D3923440283C79497 /* qt_dialog_about.cpp */; settings = {COMPILER_FLAGS = ""; }; };
/* End PBXBuildFile section */

/* Begin PBXContainerItemProxy section */
		129D92BF620D4ABA8F355809 /* PBXContainerItemProxy */ = {
			isa = PBXContainerItemProxy;
			containerPortal = 7D8EB407AC1B4111BBF90FCE /* Project object */;
			proxyType = 1;
			remoteGlobalIDString = 86A99486C8F94927812D3625;
			remoteInfo = logging;
		};
		599BC0593313458293C09DD8 /* PBXContainerItemProxy */ = {
			isa = PBXContainerItemProxy;
			containerPortal = 7D8EB407AC1B4111BBF90FCE /* Project object */;
			proxyType = 1;
			remoteGlobalIDString = D2E463AC1A5F44DF8BA03AE5;
			remoteInfo = workbench_automoc;
		};
		B8A515A5DDD34660BAF4E9C1 /* PBXContainerItemProxy */ = {
			isa = PBXContainerItemProxy;
			containerPortal = 7D8EB407AC1B4111BBF90FCE /* Project object */;
			proxyType = 1;
			remoteGlobalIDString = 35C573BE7C1E4FBCA7E86428;
			remoteInfo = geometry;
		};
		BF72A90EB3314D518C797FF0 /* PBXContainerItemProxy */ = {
			isa = PBXContainerItemProxy;
			containerPortal = 7D8EB407AC1B4111BBF90FCE /* Project object */;
			proxyType = 1;
			remoteGlobalIDString = 8575A83A485047C3BF7BDA00;
			remoteInfo = workbench;
		};
		C4E4604B836E4CCE8CACFB27 /* PBXContainerItemProxy */ = {
			isa = PBXContainerItemProxy;
			containerPortal = 7D8EB407AC1B4111BBF90FCE /* Project object */;
			proxyType = 1;
			remoteGlobalIDString = 69517707E73A44A79E98CF68;
			remoteInfo = ZERO_CHECK;
		};
		C7EB98A07C824731BB12C598 /* PBXContainerItemProxy */ = {
			isa = PBXContainerItemProxy;
			containerPortal = 7D8EB407AC1B4111BBF90FCE /* Project object */;
			proxyType = 1;
			remoteGlobalIDString = 69517707E73A44A79E98CF68;
			remoteInfo = ZERO_CHECK;
		};
		C85AB4F1DFB449CCB2929A07 /* PBXContainerItemProxy */ = {
			isa = PBXContainerItemProxy;
			containerPortal = 7D8EB407AC1B4111BBF90FCE /* Project object */;
			proxyType = 1;
			remoteGlobalIDString = 69517707E73A44A79E98CF68;
			remoteInfo = ZERO_CHECK;
		};
		DF8101F759A0404DBE5CB0F1 /* PBXContainerItemProxy */ = {
			isa = PBXContainerItemProxy;
			containerPortal = 7D8EB407AC1B4111BBF90FCE /* Project object */;
			proxyType = 1;
			remoteGlobalIDString = 69517707E73A44A79E98CF68;
			remoteInfo = ZERO_CHECK;
		};
		F3D963FE1ED54C61AF3A75B7 /* PBXContainerItemProxy */ = {
			isa = PBXContainerItemProxy;
			containerPortal = 7D8EB407AC1B4111BBF90FCE /* Project object */;
			proxyType = 1;
			remoteGlobalIDString = 35C573BE7C1E4FBCA7E86428;
			remoteInfo = geometry;
		};
/* End PBXContainerItemProxy section */

/* Begin PBXFileReference section */
		00A29DA5FB2D488F84C95FC6 /* common.h */ = {isa = PBXFileReference; explicitFileType = sourcecode.c.h; fileEncoding = 4; name = common.h; path = workbench/common.h; sourceTree = SOURCE_ROOT; };
		01F0E14D3923440283C79497 /* qt_dialog_about.cpp */ = {isa = PBXFileReference; explicitFileType = sourcecode.cpp.cpp; fileEncoding = 4; name = qt_dialog_about.cpp; path = workbench/qt_dialog_about.cpp; sourceTree = SOURCE_ROOT; };
		0D301E6562854F31B020EC3D /* arithmetic.cpp */ = {isa = PBXFileReference; explicitFileType = sourcecode.cpp.cpp; fileEncoding = 4; name = arithmetic.cpp; path = geometry/arithmetic.cpp; sourceTree = SOURCE_ROOT; };
		0D4629530D644BDEB2FEEE4F /* dialog_about.ui */ = {isa = PBXFileReference; explicitFileType = sourcecode; fileEncoding = 4; name = dialog_about.ui; path = workbench/forms/dialog_about.ui; sourceTree = SOURCE_ROOT; };
		0ED5F35127AC459F95E66B9A /* resources.qrc */ = {isa = PBXFileReference; explicitFileType = sourcecode; fileEncoding = 4; name = resources.qrc; path = workbench/resources/resources.qrc; sourceTree = SOURCE_ROOT; };
		108BB062EB0E42AC9007BBA7 /* rloginit.cpp */ = {isa = PBXFileReference; explicitFileType = sourcecode.cpp.cpp; fileEncoding = 4; name = rloginit.cpp; path = logging/rloginit.cpp; sourceTree = SOURCE_ROOT; };
		1D98C94388544DB6B0681D9E /* qt_dialog_preferences.cpp */ = {isa = PBXFileReference; explicitFileType = sourcecode.cpp.cpp; fileEncoding = 4; name = qt_dialog_preferences.cpp; path = workbench/qt_dialog_preferences.cpp; sourceTree = SOURCE_ROOT; };
		244064AF1176451BABC0AD42 /* main.cpp */ = {isa = PBXFileReference; explicitFileType = sourcecode.cpp.cpp; fileEncoding = 4; name = main.cpp; path = workbench/main.cpp; sourceTree = SOURCE_ROOT; };
		272A2472B5F549319B7E45E5 /* visual.cpp */ = {isa = PBXFileReference; explicitFileType = sourcecode.cpp.cpp; fileEncoding = 4; name = visual.cpp; path = geometry/visual.cpp; sourceTree = SOURCE_ROOT; };
		27D15F2AAF0746E8A43B5A46 /* intersection.cpp */ = {isa = PBXFileReference; explicitFileType = sourcecode.cpp.cpp; fileEncoding = 4; name = intersection.cpp; path = geometry/intersection.cpp; sourceTree = SOURCE_ROOT; };
		29A161AB98A44048B03CC0DA /* qrc_resources.cpp */ = {isa = PBXFileReference; explicitFileType = sourcecode.cpp.cpp; fileEncoding = 4; name = qrc_resources.cpp; path = evanbin/workbench/qrc_resources.cpp; sourceTree = SOURCE_ROOT; };
		313D270E80DE457788A2A7BA /* triangulation.cpp */ = {isa = PBXFileReference; explicitFileType = sourcecode.cpp.cpp; fileEncoding = 4; name = triangulation.cpp; path = geometry/triangulation.cpp; sourceTree = SOURCE_ROOT; };
		35D8139F84324FD0A95BB2F6 /* common.cpp */ = {isa = PBXFileReference; explicitFileType = sourcecode.cpp.cpp; fileEncoding = 4; name = common.cpp; path = geometry/common.cpp; sourceTree = SOURCE_ROOT; };
		3B93D9CD81EC4237AC9EE776 /* ui_window_main.h */ = {isa = PBXFileReference; explicitFileType = sourcecode.c.h; fileEncoding = 4; name = ui_window_main.h; path = evanbin/workbench/ui_window_main.h; sourceTree = SOURCE_ROOT; };
		406F78DD11F74B368D6C5C39 /* qt_widget_orthographic.cpp */ = {isa = PBXFileReference; explicitFileType = sourcecode.cpp.cpp; fileEncoding = 4; name = qt_widget_orthographic.cpp; path = workbench/qt_widget_orthographic.cpp; sourceTree = SOURCE_ROOT; };
		47427D624ECE4437BE6AE0CD /* wedge.cpp */ = {isa = PBXFileReference; explicitFileType = sourcecode.cpp.cpp; fileEncoding = 4; name = wedge.cpp; path = geometry/wedge.cpp; sourceTree = SOURCE_ROOT; };
		4A453A1B05124916ACADDF76 /* ui_dialog_preferences.h */ = {isa = PBXFileReference; explicitFileType = sourcecode.c.h; fileEncoding = 4; name = ui_dialog_preferences.h; path = evanbin/workbench/ui_dialog_preferences.h; sourceTree = SOURCE_ROOT; };
		4E9E890ABC6446E39BFA2471 /* rlog.cpp */ = {isa = PBXFileReference; explicitFileType = sourcecode.cpp.cpp; fileEncoding = 4; name = rlog.cpp; path = logging/rlog.cpp; sourceTree = SOURCE_ROOT; };
		50D1C77E8BDE47BC8C8EAF24 /* workbench */ = {isa = PBXFileReference; explicitFileType = "compiled.mach-o.executable"; path = workbench; sourceTree = BUILT_PRODUCTS_DIR; };
		51B44FC65FAA46629A40B8A9 /* config.cpp */ = {isa = PBXFileReference; explicitFileType = sourcecode.cpp.cpp; fileEncoding = 4; name = config.cpp; path = workbench/config.cpp; sourceTree = SOURCE_ROOT; };
		57177F65EA434F6DABBF1568 /* RLogChannel.cpp */ = {isa = PBXFileReference; explicitFileType = sourcecode.cpp.cpp; fileEncoding = 4; name = RLogChannel.cpp; path = logging/RLogChannel.cpp; sourceTree = SOURCE_ROOT; };
		5DFF657268BC474C98D8137A /* libgeometry.a */ = {isa = PBXFileReference; explicitFileType = archive.ar; path = libgeometry.a; sourceTree = BUILT_PRODUCTS_DIR; };
		5FBD1D3FD87146A592053FA5 /* CMakeLists.txt */ = {isa = PBXFileReference; explicitFileType = sourcecode.text; fileEncoding = 4; lastKnownFileType = text; name = CMakeLists.txt; path = workbench/CMakeLists.txt; sourceTree = SOURCE_ROOT; };
		5FC5702A5FCD4F5F9723BD71 /* rloglocation.cpp */ = {isa = PBXFileReference; explicitFileType = sourcecode.cpp.cpp; fileEncoding = 4; name = rloglocation.cpp; path = logging/rloglocation.cpp; sourceTree = SOURCE_ROOT; };
		64FA5856694C42C181B2BDE5 /* scene.cpp */ = {isa = PBXFileReference; explicitFileType = sourcecode.cpp.cpp; fileEncoding = 4; name = scene.cpp; path = workbench/scene.cpp; sourceTree = SOURCE_ROOT; };
		820C9F758C754A18BF17261A /* RLogTime.cpp */ = {isa = PBXFileReference; explicitFileType = sourcecode.cpp.cpp; fileEncoding = 4; name = RLogTime.cpp; path = logging/RLogTime.cpp; sourceTree = SOURCE_ROOT; };
		86E37656C2244F21810183CC /* vector.h */ = {isa = PBXFileReference; explicitFileType = sourcecode.c.h; fileEncoding = 4; name = vector.h; path = geometry/vector.h; sourceTree = SOURCE_ROOT; };
		8AB585CD01264C8FAC610709 /* line.cpp */ = {isa = PBXFileReference; explicitFileType = sourcecode.cpp.cpp; fileEncoding = 4; name = line.cpp; path = geometry/line.cpp; sourceTree = SOURCE_ROOT; };
		9479557056EF4AF7A324034C /* point.cpp */ = {isa = PBXFileReference; explicitFileType = sourcecode.cpp.cpp; fileEncoding = 4; name = point.cpp; path = geometry/point.cpp; sourceTree = SOURCE_ROOT; };
		A0389EC611884DF2B5309939 /* opengl.cpp */ = {isa = PBXFileReference; explicitFileType = sourcecode.cpp.cpp; fileEncoding = 4; name = opengl.cpp; path = workbench/opengl.cpp; sourceTree = SOURCE_ROOT; };
		AA0B468A4C214F008510C236 /* CMakeLists.txt */ = {isa = PBXFileReference; explicitFileType = sourcecode.text; fileEncoding = 4; lastKnownFileType = text; path = CMakeLists.txt; sourceTree = SOURCE_ROOT; };
		B01CF54726B943F7A8DAB606 /* ui_dialog_about.h */ = {isa = PBXFileReference; explicitFileType = sourcecode.c.h; fileEncoding = 4; name = ui_dialog_about.h; path = evanbin/workbench/ui_dialog_about.h; sourceTree = SOURCE_ROOT; };
		B875338F001A4ECB82E26BEF /* grid.cpp */ = {isa = PBXFileReference; explicitFileType = sourcecode.cpp.cpp; fileEncoding = 4; name = grid.cpp; path = workbench/grid.cpp; sourceTree = SOURCE_ROOT; };
		BC5621491B73408BA06B8012 /* CMakeLists.txt */ = {isa = PBXFileReference; explicitFileType = sourcecode.text; fileEncoding = 4; lastKnownFileType = text; name = CMakeLists.txt; path = logging/CMakeLists.txt; sourceTree = SOURCE_ROOT; };
		C44AE159A05E4C4FB4983CCC /* polytope.cpp */ = {isa = PBXFileReference; explicitFileType = sourcecode.cpp.cpp; fileEncoding = 4; name = polytope.cpp; path = geometry/polytope.cpp; sourceTree = SOURCE_ROOT; };
		C87DB76C922D4354BD2EC2D2 /* qt_window_main.cpp */ = {isa = PBXFileReference; explicitFileType = sourcecode.cpp.cpp; fileEncoding = 4; name = qt_window_main.cpp; path = workbench/qt_window_main.cpp; sourceTree = SOURCE_ROOT; };
		CABD9B8C340946349E2C0C07 /* CMakeLists.txt */ = {isa = PBXFileReference; explicitFileType = sourcecode.text; fileEncoding = 4; lastKnownFileType = text; name = CMakeLists.txt; path = geometry/CMakeLists.txt; sourceTree = SOURCE_ROOT; };
		D2E79A9DF7914B6DA0C4B908 /* triangle.cpp */ = {isa = PBXFileReference; explicitFileType = sourcecode.cpp.cpp; fileEncoding = 4; name = triangle.cpp; path = geometry/triangle.cpp; sourceTree = SOURCE_ROOT; };
		D3A820511D9540DEBCD5F322 /* quadedge.cpp */ = {isa = PBXFileReference; explicitFileType = sourcecode.cpp.cpp; fileEncoding = 4; name = quadedge.cpp; path = geometry/quadedge.cpp; sourceTree = SOURCE_ROOT; };
		D682983C9DAC4961A1E6460B /* logger.cpp */ = {isa = PBXFileReference; explicitFileType = sourcecode.cpp.cpp; fileEncoding = 4; name = logger.cpp; path = workbench/logger.cpp; sourceTree = SOURCE_ROOT; };
		E1A917DA3C8D4FF3B53997AE /* RLogNode.cpp */ = {isa = PBXFileReference; explicitFileType = sourcecode.cpp.cpp; fileEncoding = 4; name = RLogNode.cpp; path = logging/RLogNode.cpp; sourceTree = SOURCE_ROOT; };
		E34B5B0D51474E888824B2F7 /* RLogPublisher.cpp */ = {isa = PBXFileReference; explicitFileType = sourcecode.cpp.cpp; fileEncoding = 4; name = RLogPublisher.cpp; path = logging/RLogPublisher.cpp; sourceTree = SOURCE_ROOT; };
		E3679DF3F2594BD785C4BC24 /* qt_widget_perspective.cpp */ = {isa = PBXFileReference; explicitFileType = sourcecode.cpp.cpp; fileEncoding = 4; name = qt_widget_perspective.cpp; path = workbench/qt_widget_perspective.cpp; sourceTree = SOURCE_ROOT; };
		E6D0FC4AC4A04C00991186F7 /* Error.cpp */ = {isa = PBXFileReference; explicitFileType = sourcecode.cpp.cpp; fileEncoding = 4; name = Error.cpp; path = logging/Error.cpp; sourceTree = SOURCE_ROOT; };
		E88DBACCE8ED4BF5AD2C691D /* dialog_preferences.ui */ = {isa = PBXFileReference; explicitFileType = sourcecode; fileEncoding = 4; name = dialog_preferences.ui; path = workbench/forms/dialog_preferences.ui; sourceTree = SOURCE_ROOT; };
		E9B16405E5E6483ABEAFBFAA /* liblogging.a */ = {isa = PBXFileReference; explicitFileType = archive.ar; path = liblogging.a; sourceTree = BUILT_PRODUCTS_DIR; };
		ED3163231996405084072BC1 /* StdioNode.cpp */ = {isa = PBXFileReference; explicitFileType = sourcecode.cpp.cpp; fileEncoding = 4; name = StdioNode.cpp; path = logging/StdioNode.cpp; sourceTree = SOURCE_ROOT; };
		EE98594AC66E4A5D80CB390A /* window_main.ui */ = {isa = PBXFileReference; explicitFileType = sourcecode; fileEncoding = 4; name = window_main.ui; path = workbench/forms/window_main.ui; sourceTree = SOURCE_ROOT; };
		EF0253F873A14C85A83C9A6E /* polygon.cpp */ = {isa = PBXFileReference; explicitFileType = sourcecode.cpp.cpp; fileEncoding = 4; name = polygon.cpp; path = geometry/polygon.cpp; sourceTree = SOURCE_ROOT; };
		FA1171D5876648858361F3D0 /* matrix.cpp */ = {isa = PBXFileReference; explicitFileType = sourcecode.cpp.cpp; fileEncoding = 4; name = matrix.cpp; path = geometry/matrix.cpp; sourceTree = SOURCE_ROOT; };
		FECBD650A322459D84EFA4E0 /* workbench_automoc.cpp */ = {isa = PBXFileReference; explicitFileType = sourcecode.cpp.cpp; fileEncoding = 4; name = workbench_automoc.cpp; path = evanbin/workbench/workbench_automoc.cpp; sourceTree = SOURCE_ROOT; };
/* End PBXFileReference section */

/* Begin PBXGroup section */
		0E6B6DB5F2054CDBB2ED0F66 /* workbench */ = {
			isa = PBXGroup;
			children = (
				B30DB95EDEDA4951BA7AA0FC /* Source Files */,
				B11ADAD482D145539A223BF5 /* Header Files */,
				5FBD1D3FD87146A592053FA5 /* CMakeLists.txt */,
				0D4629530D644BDEB2FEEE4F /* dialog_about.ui */,
				E88DBACCE8ED4BF5AD2C691D /* dialog_preferences.ui */,
				EE98594AC66E4A5D80CB390A /* window_main.ui */,
				0ED5F35127AC459F95E66B9A /* resources.qrc */,
			);
			name = workbench;
			sourceTree = "<group>";
		};
		31BCA264DBDB48E8B87F97F7 /* geometry */ = {
			isa = PBXGroup;
			children = (
				E9FE3C5FDBC7455EB6D918BD /* Source Files */,
				8D8EB32AA4D74BB38769208D /* Header Files */,
				CABD9B8C340946349E2C0C07 /* CMakeLists.txt */,
			);
			name = geometry;
			sourceTree = "<group>";
		};
		326865EB98554DB4A2EAE036 /* Resources */ = {
			isa = PBXGroup;
			children = (
			);
			name = Resources;
			sourceTree = "<group>";
		};
		6255EC947A9B4FACA2E9288F = {
			isa = PBXGroup;
			children = (
				800BCDF40BAC439CB99135F8 /* Sources */,
				326865EB98554DB4A2EAE036 /* Resources */,
				DCF03C617E7D44ED8B96137D /* Products */,
			);
			sourceTree = "<group>";
		};
		800BCDF40BAC439CB99135F8 /* Sources */ = {
			isa = PBXGroup;
			children = (
				D069D0BEB03C4A8EAA4C1CBE /* ALL_BUILD */,
				C4EF490B6C314514B74436D7 /* ZERO_CHECK */,
				A80F38BD4ECD4A4D89FDA25F /* logging */,
				31BCA264DBDB48E8B87F97F7 /* geometry */,
				0E6B6DB5F2054CDBB2ED0F66 /* workbench */,
				E14756F66FA44411899C095A /* workbench_automoc */,
			);
			name = Sources;
			sourceTree = "<group>";
		};
		8080F8BF601E4008B9B5BC72 /* CMake Rules */ = {
			isa = PBXGroup;
			children = (
			);
			name = "CMake Rules";
			sourceTree = "<group>";
		};
		86BE10CE648B4DE8803AFA95 /* CMake Rules */ = {
			isa = PBXGroup;
			children = (
			);
			name = "CMake Rules";
			sourceTree = "<group>";
		};
		8D8EB32AA4D74BB38769208D /* Header Files */ = {
			isa = PBXGroup;
			children = (
				86E37656C2244F21810183CC /* vector.h */,
			);
			name = "Header Files";
			sourceTree = "<group>";
		};
		A80F38BD4ECD4A4D89FDA25F /* logging */ = {
			isa = PBXGroup;
			children = (
				E7B4040A3F3241AFA895ADF0 /* Source Files */,
				BC5621491B73408BA06B8012 /* CMakeLists.txt */,
			);
			name = logging;
			sourceTree = "<group>";
		};
		B11ADAD482D145539A223BF5 /* Header Files */ = {
			isa = PBXGroup;
			children = (
				B01CF54726B943F7A8DAB606 /* ui_dialog_about.h */,
				4A453A1B05124916ACADDF76 /* ui_dialog_preferences.h */,
				3B93D9CD81EC4237AC9EE776 /* ui_window_main.h */,
				00A29DA5FB2D488F84C95FC6 /* common.h */,
			);
			name = "Header Files";
			sourceTree = "<group>";
		};
		B30DB95EDEDA4951BA7AA0FC /* Source Files */ = {
			isa = PBXGroup;
			children = (
				29A161AB98A44048B03CC0DA /* qrc_resources.cpp */,
				FECBD650A322459D84EFA4E0 /* workbench_automoc.cpp */,
				51B44FC65FAA46629A40B8A9 /* config.cpp */,
				B875338F001A4ECB82E26BEF /* grid.cpp */,
				D682983C9DAC4961A1E6460B /* logger.cpp */,
				244064AF1176451BABC0AD42 /* main.cpp */,
				A0389EC611884DF2B5309939 /* opengl.cpp */,
				01F0E14D3923440283C79497 /* qt_dialog_about.cpp */,
				1D98C94388544DB6B0681D9E /* qt_dialog_preferences.cpp */,
				406F78DD11F74B368D6C5C39 /* qt_widget_orthographic.cpp */,
				E3679DF3F2594BD785C4BC24 /* qt_widget_perspective.cpp */,
				C87DB76C922D4354BD2EC2D2 /* qt_window_main.cpp */,
				64FA5856694C42C181B2BDE5 /* scene.cpp */,
			);
			name = "Source Files";
			sourceTree = "<group>";
		};
		C4EF490B6C314514B74436D7 /* ZERO_CHECK */ = {
			isa = PBXGroup;
			children = (
				86BE10CE648B4DE8803AFA95 /* CMake Rules */,
				AA0B468A4C214F008510C236 /* CMakeLists.txt */,
			);
			name = ZERO_CHECK;
			sourceTree = "<group>";
		};
		D069D0BEB03C4A8EAA4C1CBE /* ALL_BUILD */ = {
			isa = PBXGroup;
			children = (
				EAE9C61D45E84D1195C71040 /* CMake Rules */,
				AA0B468A4C214F008510C236 /* CMakeLists.txt */,
			);
			name = ALL_BUILD;
			sourceTree = "<group>";
		};
		DCF03C617E7D44ED8B96137D /* Products */ = {
			isa = PBXGroup;
			children = (
				E9B16405E5E6483ABEAFBFAA /* liblogging.a */,
				5DFF657268BC474C98D8137A /* libgeometry.a */,
				50D1C77E8BDE47BC8C8EAF24 /* workbench */,
			);
			name = Products;
			sourceTree = "<group>";
		};
		E14756F66FA44411899C095A /* workbench_automoc */ = {
			isa = PBXGroup;
			children = (
				8080F8BF601E4008B9B5BC72 /* CMake Rules */,
			);
			name = workbench_automoc;
			sourceTree = "<group>";
		};
		E7B4040A3F3241AFA895ADF0 /* Source Files */ = {
			isa = PBXGroup;
			children = (
				E6D0FC4AC4A04C00991186F7 /* Error.cpp */,
				57177F65EA434F6DABBF1568 /* RLogChannel.cpp */,
				E1A917DA3C8D4FF3B53997AE /* RLogNode.cpp */,
				E34B5B0D51474E888824B2F7 /* RLogPublisher.cpp */,
				820C9F758C754A18BF17261A /* RLogTime.cpp */,
				ED3163231996405084072BC1 /* StdioNode.cpp */,
				4E9E890ABC6446E39BFA2471 /* rlog.cpp */,
				108BB062EB0E42AC9007BBA7 /* rloginit.cpp */,
				5FC5702A5FCD4F5F9723BD71 /* rloglocation.cpp */,
			);
			name = "Source Files";
			sourceTree = "<group>";
		};
		E9FE3C5FDBC7455EB6D918BD /* Source Files */ = {
			isa = PBXGroup;
			children = (
				0D301E6562854F31B020EC3D /* arithmetic.cpp */,
				35D8139F84324FD0A95BB2F6 /* common.cpp */,
				27D15F2AAF0746E8A43B5A46 /* intersection.cpp */,
				8AB585CD01264C8FAC610709 /* line.cpp */,
				FA1171D5876648858361F3D0 /* matrix.cpp */,
				9479557056EF4AF7A324034C /* point.cpp */,
				EF0253F873A14C85A83C9A6E /* polygon.cpp */,
				C44AE159A05E4C4FB4983CCC /* polytope.cpp */,
				D3A820511D9540DEBCD5F322 /* quadedge.cpp */,
				D2E79A9DF7914B6DA0C4B908 /* triangle.cpp */,
				313D270E80DE457788A2A7BA /* triangulation.cpp */,
				272A2472B5F549319B7E45E5 /* visual.cpp */,
				47427D624ECE4437BE6AE0CD /* wedge.cpp */,
			);
			name = "Source Files";
			sourceTree = "<group>";
		};
		EAE9C61D45E84D1195C71040 /* CMake Rules */ = {
			isa = PBXGroup;
			children = (
			);
			name = "CMake Rules";
			sourceTree = "<group>";
		};
/* End PBXGroup section */

/* Begin PBXNativeTarget section */
		35C573BE7C1E4FBCA7E86428 /* geometry */ = {
			isa = PBXNativeTarget;
			buildConfigurationList = B5FB9FEC0B3449A6A9415C47 /* Build configuration list for PBXNativeTarget "geometry" */;
			buildPhases = (
				3A3F51218BB74553882C4DDA /* Sources */,
			);
			buildRules = (
			);
			dependencies = (
				4E00C56949DC4DA19C45ACD6 /* PBXTargetDependency */,
			);
			name = geometry;
			productName = geometry;
			productReference = 5DFF657268BC474C98D8137A /* libgeometry.a */;
			productType = "com.apple.product-type.library.static";
		};
		8575A83A485047C3BF7BDA00 /* workbench */ = {
			isa = PBXNativeTarget;
			buildConfigurationList = A1D4F06D416B4FDEB16BECDF /* Build configuration list for PBXNativeTarget "workbench" */;
			buildPhases = (
				4DD42588CA8C4B7CB93DE64F /* CMake Rules */,
				DF742806B16548A59F254FAA /* Sources */,
			);
			buildRules = (
			);
			dependencies = (
				BC44A6C1378F4909956E2E20 /* PBXTargetDependency */,
				8971ADF34A1943149B2A245C /* PBXTargetDependency */,
				15F2E3CFD0BC4391A5F44E2C /* PBXTargetDependency */,
			);
			name = workbench;
			productName = workbench;
			productReference = 50D1C77E8BDE47BC8C8EAF24 /* workbench */;
			productType = "com.apple.product-type.tool";
		};
		86A99486C8F94927812D3625 /* logging */ = {
			isa = PBXNativeTarget;
			buildConfigurationList = BED8C4C7109B4247839CB2A8 /* Build configuration list for PBXNativeTarget "logging" */;
			buildPhases = (
				ED85636727FF4318A8E03082 /* Sources */,
			);
			buildRules = (
			);
			dependencies = (
				609101174BE34AD592ACBCED /* PBXTargetDependency */,
			);
			name = logging;
			productName = logging;
			productReference = E9B16405E5E6483ABEAFBFAA /* liblogging.a */;
			productType = "com.apple.product-type.library.static";
		};
/* End PBXNativeTarget section */

/* Begin PBXProject section */
		7D8EB407AC1B4111BBF90FCE /* Project object */ = {
			isa = PBXProject;
			attributes = {
				BuildIndependentTargetsInParallel = YES;
			};
			buildConfigurationList = 5E5F983E5DBC4DB0808D53A9 /* Build configuration list for PBXProject "DDAD" */;
			compatibilityVersion = "Xcode 3.2";
			developmentRegion = English;
			hasScannedForEncodings = 0;
			knownRegions = (
				en,
			);
			mainGroup = 6255EC947A9B4FACA2E9288F;
			projectDirPath = ..;
			projectRoot = "";
			targets = (
				48B0AD7CE4C1438B8D163B34 /* ALL_BUILD */,
				69517707E73A44A79E98CF68 /* ZERO_CHECK */,
				86A99486C8F94927812D3625 /* logging */,
				35C573BE7C1E4FBCA7E86428 /* geometry */,
				8575A83A485047C3BF7BDA00 /* workbench */,
				D2E463AC1A5F44DF8BA03AE5 /* workbench_automoc */,
			);
		};
/* End PBXProject section */

/* Begin PBXShellScriptBuildPhase section */
		32DA69D7AD0A4E88842F30EA /* CMake Rules */ = {
			isa = PBXShellScriptBuildPhase;
			buildActionMask = 2147483647;
			files = (
			);
			name = "CMake Rules";
			runOnlyForDeploymentPostprocessing = 0;
			shellPath = /bin/sh;
			shellScript = "make -C /Users/evan/Dropbox/DDAD/evanbin -f /Users/evan/Dropbox/DDAD/evanbin/CMakeScripts/ZERO_CHECK_cmakeRulesBuildPhase.make$CONFIGURATION all";
			showEnvVarsInLog = 0;
		};
		4DD42588CA8C4B7CB93DE64F /* CMake Rules */ = {
			isa = PBXShellScriptBuildPhase;
			buildActionMask = 2147483647;
			files = (
			);
			name = "CMake Rules";
			runOnlyForDeploymentPostprocessing = 0;
			shellPath = /bin/sh;
			shellScript = "make -C /Users/evan/Dropbox/DDAD/evanbin/workbench -f /Users/evan/Dropbox/DDAD/evanbin/workbench/CMakeScripts/workbench_cmakeRulesBuildPhase.make$CONFIGURATION all";
			showEnvVarsInLog = 0;
		};
		506E028690B240C9A407CCC7 /* CMake Rules */ = {
			isa = PBXShellScriptBuildPhase;
			buildActionMask = 2147483647;
			files = (
			);
			name = "CMake Rules";
			runOnlyForDeploymentPostprocessing = 0;
			shellPath = /bin/sh;
			shellScript = "make -C /Users/evan/Dropbox/DDAD/evanbin/workbench -f /Users/evan/Dropbox/DDAD/evanbin/workbench/CMakeScripts/workbench_automoc_cmakeRulesBuildPhase.make$CONFIGURATION all";
			showEnvVarsInLog = 0;
		};
		7DBDEFEB93814F068D71096A /* CMake Rules */ = {
			isa = PBXShellScriptBuildPhase;
			buildActionMask = 2147483647;
			files = (
			);
			name = "CMake Rules";
			runOnlyForDeploymentPostprocessing = 0;
			shellPath = /bin/sh;
			shellScript = "make -C /Users/evan/Dropbox/DDAD/evanbin -f /Users/evan/Dropbox/DDAD/evanbin/CMakeScripts/ALL_BUILD_cmakeRulesBuildPhase.make$CONFIGURATION all";
			showEnvVarsInLog = 0;
		};
/* End PBXShellScriptBuildPhase section */

/* Begin PBXSourcesBuildPhase section */
		3A3F51218BB74553882C4DDA /* Sources */ = {
			isa = PBXSourcesBuildPhase;
			buildActionMask = 2147483647;
			files = (
				8D9D361E1582411797EA98C4 /* arithmetic.cpp in Sources */,
				886A8B0B950F4A3A9AEEADBB /* common.cpp in Sources */,
				58F05C98B49740A88CA21998 /* intersection.cpp in Sources */,
				5C765B23C5214E42B08111E8 /* line.cpp in Sources */,
				D42CE7C49D864D7AA4EC5F30 /* matrix.cpp in Sources */,
				73332DF5FB4D469290362DE6 /* point.cpp in Sources */,
				56316D53B8424333B57218E6 /* polygon.cpp in Sources */,
				0DBAD6A1B5844283AB5E6309 /* polytope.cpp in Sources */,
				5CFA07022DB44647B1C1E6F8 /* quadedge.cpp in Sources */,
				60450442EB1349EA9792CB4E /* triangle.cpp in Sources */,
				EE0A322766C143F587999205 /* triangulation.cpp in Sources */,
				A7BF6A9513DA4527A1220DC1 /* visual.cpp in Sources */,
				E84EDDF26D0A406E8F7B8AA4 /* wedge.cpp in Sources */,
			);
			runOnlyForDeploymentPostprocessing = 0;
		};
		DF742806B16548A59F254FAA /* Sources */ = {
			isa = PBXSourcesBuildPhase;
			buildActionMask = 2147483647;
			files = (
				AD48BE70431B4C2880E2A8A5 /* qrc_resources.cpp in Sources */,
				5FF4D51828194F5EBE1083DB /* workbench_automoc.cpp in Sources */,
				3D366CA7C48D4CB8B4475FE4 /* config.cpp in Sources */,
				C26E8A9C6A14461FA5AAE556 /* grid.cpp in Sources */,
				C255A32595A14D649F09D615 /* logger.cpp in Sources */,
				4BAB8206F66B4513ADE998B8 /* main.cpp in Sources */,
				DF44BEC6EC1D4569ADBBAEE0 /* opengl.cpp in Sources */,
				FD2FCB111B3D4C949791D10F /* qt_dialog_about.cpp in Sources */,
				9E946E2DACDB4CFEA79466D5 /* qt_dialog_preferences.cpp in Sources */,
				47BF5661265C497C835F264D /* qt_widget_orthographic.cpp in Sources */,
				004DAA69E3F34C1FBFF2CBD4 /* qt_widget_perspective.cpp in Sources */,
				C20562E817E74BA39EDC55CD /* qt_window_main.cpp in Sources */,
				DE8E6AAF700B45929302D65A /* scene.cpp in Sources */,
			);
			runOnlyForDeploymentPostprocessing = 0;
		};
		ED85636727FF4318A8E03082 /* Sources */ = {
			isa = PBXSourcesBuildPhase;
			buildActionMask = 2147483647;
			files = (
				CBA884385D6A42969C6F8591 /* Error.cpp in Sources */,
				00C4F7D664AA4183B87D7B11 /* RLogChannel.cpp in Sources */,
				7651691711D24D80A06FA5A7 /* RLogNode.cpp in Sources */,
				EDF998888F014F6B86F5B368 /* RLogPublisher.cpp in Sources */,
				5835B25688814D4BB1949FA8 /* RLogTime.cpp in Sources */,
				784FE2E7978C4CE7A1AA8AB7 /* StdioNode.cpp in Sources */,
				2997C68283CF4911926ED0F5 /* rlog.cpp in Sources */,
				4882718660384FB8BFFAF057 /* rloginit.cpp in Sources */,
				8336919A38C54B0AAE53E8BF /* rloglocation.cpp in Sources */,
			);
			runOnlyForDeploymentPostprocessing = 0;
		};
/* End PBXSourcesBuildPhase section */

/* Begin PBXTargetDependency section */
		15F2E3CFD0BC4391A5F44E2C /* PBXTargetDependency */ = {
			isa = PBXTargetDependency;
			target = D2E463AC1A5F44DF8BA03AE5 /* workbench_automoc */;
			targetProxy = 599BC0593313458293C09DD8 /* PBXContainerItemProxy */;
		};
		4E00C56949DC4DA19C45ACD6 /* PBXTargetDependency */ = {
			isa = PBXTargetDependency;
			target = 69517707E73A44A79E98CF68 /* ZERO_CHECK */;
			targetProxy = C7EB98A07C824731BB12C598 /* PBXContainerItemProxy */;
		};
		609101174BE34AD592ACBCED /* PBXTargetDependency */ = {
			isa = PBXTargetDependency;
			target = 69517707E73A44A79E98CF68 /* ZERO_CHECK */;
			targetProxy = C4E4604B836E4CCE8CACFB27 /* PBXContainerItemProxy */;
		};
		7BB6716ADA1743B89A539892 /* PBXTargetDependency */ = {
			isa = PBXTargetDependency;
			target = 69517707E73A44A79E98CF68 /* ZERO_CHECK */;
			targetProxy = C85AB4F1DFB449CCB2929A07 /* PBXContainerItemProxy */;
		};
		8971ADF34A1943149B2A245C /* PBXTargetDependency */ = {
			isa = PBXTargetDependency;
			target = 69517707E73A44A79E98CF68 /* ZERO_CHECK */;
			targetProxy = DF8101F759A0404DBE5CB0F1 /* PBXContainerItemProxy */;
		};
		8DB3F66AEFF549F681AA0BDC /* PBXTargetDependency */ = {
			isa = PBXTargetDependency;
			target = 86A99486C8F94927812D3625 /* logging */;
			targetProxy = 129D92BF620D4ABA8F355809 /* PBXContainerItemProxy */;
		};
		BC44A6C1378F4909956E2E20 /* PBXTargetDependency */ = {
			isa = PBXTargetDependency;
			target = 35C573BE7C1E4FBCA7E86428 /* geometry */;
			targetProxy = B8A515A5DDD34660BAF4E9C1 /* PBXContainerItemProxy */;
		};
		D5A3126489454E20B43E90B6 /* PBXTargetDependency */ = {
			isa = PBXTargetDependency;
			target = 8575A83A485047C3BF7BDA00 /* workbench */;
			targetProxy = BF72A90EB3314D518C797FF0 /* PBXContainerItemProxy */;
		};
		F7E04826A8224FCEA9970558 /* PBXTargetDependency */ = {
			isa = PBXTargetDependency;
			target = 35C573BE7C1E4FBCA7E86428 /* geometry */;
			targetProxy = F3D963FE1ED54C61AF3A75B7 /* PBXContainerItemProxy */;
		};
/* End PBXTargetDependency section */

/* Begin XCBuildConfiguration section */
		0AF3B74DF97141568179A733 /* MinSizeRel */ = {
			isa = XCBuildConfiguration;
			buildSettings = {
				COMBINE_HIDPI_IMAGES = YES;
				EXECUTABLE_PREFIX = lib;
				EXECUTABLE_SUFFIX = .a;
				GCC_GENERATE_DEBUGGING_SYMBOLS = NO;
				GCC_INLINES_ARE_PRIVATE_EXTERN = NO;
				GCC_OPTIMIZATION_LEVEL = s;
				GCC_PREPROCESSOR_DEFINITIONS = "'CMAKE_INTDIR=\"$(CONFIGURATION)$(EFFECTIVE_PLATFORM_NAME)\"'";
				GCC_SYMBOLS_PRIVATE_EXTERN = NO;
				HEADER_SEARCH_PATHS = /Users/evan/Dropbox/DDAD/dependencies/mpir/Mac;
				INSTALL_PATH = "";
				LIBRARY_STYLE = STATIC;
				OTHER_CFLAGS = "    -DNDEBUG  ";
				OTHER_CPLUSPLUSFLAGS = "    -DNDEBUG  ";
				OTHER_LDFLAGS = " ";
				OTHER_REZFLAGS = "";
				PRODUCT_NAME = logging;
				SECTORDER_FLAGS = "";
				SYMROOT = /Users/evan/Dropbox/DDAD/evanbin/logging;
				USE_HEADERMAP = NO;
				WARNING_CFLAGS = (
					"-Wmost",
					"-Wno-four-char-constants",
					"-Wno-unknown-pragmas",
				);
			};
			name = MinSizeRel;
		};
		0DCE5C627EAE4345B8A0391C /* Release */ = {
			isa = XCBuildConfiguration;
			buildSettings = {
				COMBINE_HIDPI_IMAGES = YES;
				EXECUTABLE_PREFIX = lib;
				EXECUTABLE_SUFFIX = .a;
				GCC_GENERATE_DEBUGGING_SYMBOLS = NO;
				GCC_INLINES_ARE_PRIVATE_EXTERN = NO;
				GCC_OPTIMIZATION_LEVEL = 3;
				GCC_PREPROCESSOR_DEFINITIONS = "'CMAKE_INTDIR=\"$(CONFIGURATION)$(EFFECTIVE_PLATFORM_NAME)\"'";
				GCC_SYMBOLS_PRIVATE_EXTERN = NO;
				HEADER_SEARCH_PATHS = /Users/evan/Dropbox/DDAD/dependencies/mpir/Mac;
				INSTALL_PATH = "";
				LIBRARY_STYLE = STATIC;
				OTHER_CFLAGS = "    -DNDEBUG  ";
				OTHER_CPLUSPLUSFLAGS = "    -DNDEBUG  ";
				OTHER_LDFLAGS = " ";
				OTHER_REZFLAGS = "";
				PRODUCT_NAME = geometry;
				SECTORDER_FLAGS = "";
				SYMROOT = /Users/evan/Dropbox/DDAD/evanbin/geometry;
				USE_HEADERMAP = NO;
				WARNING_CFLAGS = (
					"-Wmost",
					"-Wno-four-char-constants",
					"-Wno-unknown-pragmas",
				);
			};
			name = Release;
		};
		11F392A5454F42E5A767AC8B /* MinSizeRel */ = {
			isa = XCBuildConfiguration;
			buildSettings = {
				COMBINE_HIDPI_IMAGES = YES;
				GCC_GENERATE_DEBUGGING_SYMBOLS = NO;
				GCC_INLINES_ARE_PRIVATE_EXTERN = NO;
				GCC_OPTIMIZATION_LEVEL = 0;
				GCC_PREPROCESSOR_DEFINITIONS = "'CMAKE_INTDIR=\"$(CONFIGURATION)$(EFFECTIVE_PLATFORM_NAME)\"'";
				GCC_SYMBOLS_PRIVATE_EXTERN = NO;
				HEADER_SEARCH_PATHS = (
					/Users/evan/Dropbox/DDAD/evanbin/workbench,
					/Users/evan/Dropbox/DDAD/workbench,
					/Users/evan/Dropbox/DDAD/dependencies/mpir/Mac,
				);
				INSTALL_PATH = "";
				OTHER_CFLAGS = "  ";
				OTHER_LDFLAGS = " ";
				OTHER_REZFLAGS = "";
				PRODUCT_NAME = workbench_automoc;
				SECTORDER_FLAGS = "";
				SYMROOT = /Users/evan/Dropbox/DDAD/evanbin/workbench;
				USE_HEADERMAP = NO;
				WARNING_CFLAGS = (
					"-Wmost",
					"-Wno-four-char-constants",
					"-Wno-unknown-pragmas",
				);
			};
			name = MinSizeRel;
		};
		15EBE8987EF34B95ABDC7179 /* RelWithDebInfo */ = {
			isa = XCBuildConfiguration;
			buildSettings = {
				COMBINE_HIDPI_IMAGES = YES;
				GCC_GENERATE_DEBUGGING_SYMBOLS = NO;
				GCC_INLINES_ARE_PRIVATE_EXTERN = NO;
				GCC_OPTIMIZATION_LEVEL = 0;
				GCC_PREPROCESSOR_DEFINITIONS = "'CMAKE_INTDIR=\"$(CONFIGURATION)$(EFFECTIVE_PLATFORM_NAME)\"'";
				GCC_SYMBOLS_PRIVATE_EXTERN = NO;
				HEADER_SEARCH_PATHS = (
					/Users/evan/Dropbox/DDAD/evanbin/workbench,
					/Users/evan/Dropbox/DDAD/workbench,
					/Users/evan/Dropbox/DDAD/dependencies/mpir/Mac,
				);
				INSTALL_PATH = "";
				OTHER_CFLAGS = "  ";
				OTHER_LDFLAGS = " ";
				OTHER_REZFLAGS = "";
				PRODUCT_NAME = workbench_automoc;
				SECTORDER_FLAGS = "";
				SYMROOT = /Users/evan/Dropbox/DDAD/evanbin/workbench;
				USE_HEADERMAP = NO;
				WARNING_CFLAGS = (
					"-Wmost",
					"-Wno-four-char-constants",
					"-Wno-unknown-pragmas",
				);
			};
			name = RelWithDebInfo;
		};
		1DBB9CB6D04C48B8A3A50873 /* MinSizeRel */ = {
			isa = XCBuildConfiguration;
			buildSettings = {
				COMBINE_HIDPI_IMAGES = YES;
				GCC_GENERATE_DEBUGGING_SYMBOLS = NO;
				GCC_INLINES_ARE_PRIVATE_EXTERN = NO;
				GCC_OPTIMIZATION_LEVEL = 0;
				GCC_PREPROCESSOR_DEFINITIONS = "'CMAKE_INTDIR=\"$(CONFIGURATION)$(EFFECTIVE_PLATFORM_NAME)\"'";
				GCC_SYMBOLS_PRIVATE_EXTERN = NO;
				HEADER_SEARCH_PATHS = /Users/evan/Dropbox/DDAD/dependencies/mpir/Mac;
				INSTALL_PATH = "";
				OTHER_CFLAGS = "  ";
				OTHER_LDFLAGS = " ";
				OTHER_REZFLAGS = "";
				PRODUCT_NAME = ZERO_CHECK;
				SECTORDER_FLAGS = "";
				SYMROOT = /Users/evan/Dropbox/DDAD/evanbin;
				USE_HEADERMAP = NO;
				WARNING_CFLAGS = (
					"-Wmost",
					"-Wno-four-char-constants",
					"-Wno-unknown-pragmas",
				);
			};
			name = MinSizeRel;
		};
		1DF09FBD7AC84323B5FF8320 /* Debug */ = {
			isa = XCBuildConfiguration;
			buildSettings = {
				COMBINE_HIDPI_IMAGES = YES;
				EXECUTABLE_PREFIX = lib;
				EXECUTABLE_SUFFIX = .a;
				GCC_GENERATE_DEBUGGING_SYMBOLS = YES;
				GCC_INLINES_ARE_PRIVATE_EXTERN = NO;
				GCC_OPTIMIZATION_LEVEL = 0;
				GCC_PREPROCESSOR_DEFINITIONS = "'CMAKE_INTDIR=\"$(CONFIGURATION)$(EFFECTIVE_PLATFORM_NAME)\"'";
				GCC_SYMBOLS_PRIVATE_EXTERN = NO;
				HEADER_SEARCH_PATHS = /Users/evan/Dropbox/DDAD/dependencies/mpir/Mac;
				INSTALL_PATH = "";
				LIBRARY_STYLE = STATIC;
				OTHER_CFLAGS = "    ";
				OTHER_CPLUSPLUSFLAGS = "    ";
				OTHER_LDFLAGS = " ";
				OTHER_REZFLAGS = "";
				PRODUCT_NAME = geometry;
				SECTORDER_FLAGS = "";
				SYMROOT = /Users/evan/Dropbox/DDAD/evanbin/geometry;
				USE_HEADERMAP = NO;
				WARNING_CFLAGS = (
					"-Wmost",
					"-Wno-four-char-constants",
					"-Wno-unknown-pragmas",
				);
			};
			name = Debug;
		};
		3588355AF5624C2A96F99DF6 /* MinSizeRel */ = {
			isa = XCBuildConfiguration;
			buildSettings = {
				ARCHS = "$(ARCHS_STANDARD_32_64_BIT)";
				ONLY_ACTIVE_ARCH = YES;
				SDKROOT = /Applications/Xcode.app/Contents/Developer/Platforms/MacOSX.platform/Developer/SDKs/MacOSX10.9.sdk;
				SYMROOT = /Users/evan/Dropbox/DDAD/evanbin/build;
			};
			name = MinSizeRel;
		};
		4051655F30244D689299384F /* RelWithDebInfo */ = {
			isa = XCBuildConfiguration;
			buildSettings = {
				COMBINE_HIDPI_IMAGES = YES;
				EXECUTABLE_PREFIX = lib;
				EXECUTABLE_SUFFIX = .a;
				GCC_GENERATE_DEBUGGING_SYMBOLS = YES;
				GCC_INLINES_ARE_PRIVATE_EXTERN = NO;
				GCC_OPTIMIZATION_LEVEL = 2;
				GCC_PREPROCESSOR_DEFINITIONS = "'CMAKE_INTDIR=\"$(CONFIGURATION)$(EFFECTIVE_PLATFORM_NAME)\"'";
				GCC_SYMBOLS_PRIVATE_EXTERN = NO;
				HEADER_SEARCH_PATHS = /Users/evan/Dropbox/DDAD/dependencies/mpir/Mac;
				INSTALL_PATH = "";
				LIBRARY_STYLE = STATIC;
				OTHER_CFLAGS = "       -DNDEBUG  ";
				OTHER_CPLUSPLUSFLAGS = "       -DNDEBUG  ";
				OTHER_LDFLAGS = " ";
				OTHER_REZFLAGS = "";
				PRODUCT_NAME = geometry;
				SECTORDER_FLAGS = "";
				SYMROOT = /Users/evan/Dropbox/DDAD/evanbin/geometry;
				USE_HEADERMAP = NO;
				WARNING_CFLAGS = (
					"-Wmost",
					"-Wno-four-char-constants",
					"-Wno-unknown-pragmas",
				);
			};
			name = RelWithDebInfo;
		};
		41474EF3179B40AC8C9C9FF9 /* Debug */ = {
			isa = XCBuildConfiguration;
			buildSettings = {
				COMBINE_HIDPI_IMAGES = YES;
				GCC_GENERATE_DEBUGGING_SYMBOLS = NO;
				GCC_INLINES_ARE_PRIVATE_EXTERN = NO;
				GCC_OPTIMIZATION_LEVEL = 0;
				GCC_PREPROCESSOR_DEFINITIONS = "'CMAKE_INTDIR=\"$(CONFIGURATION)$(EFFECTIVE_PLATFORM_NAME)\"'";
				GCC_SYMBOLS_PRIVATE_EXTERN = NO;
				HEADER_SEARCH_PATHS = /Users/evan/Dropbox/DDAD/dependencies/mpir/Mac;
				INSTALL_PATH = "";
				OTHER_CFLAGS = "  ";
				OTHER_LDFLAGS = " ";
				OTHER_REZFLAGS = "";
				PRODUCT_NAME = ZERO_CHECK;
				SECTORDER_FLAGS = "";
				SYMROOT = /Users/evan/Dropbox/DDAD/evanbin;
				USE_HEADERMAP = NO;
				WARNING_CFLAGS = (
					"-Wmost",
					"-Wno-four-char-constants",
					"-Wno-unknown-pragmas",
				);
			};
			name = Debug;
		};
		45F95844A30640ECAC65D00D /* MinSizeRel */ = {
			isa = XCBuildConfiguration;
			buildSettings = {
				COMBINE_HIDPI_IMAGES = YES;
				EXECUTABLE_PREFIX = lib;
				EXECUTABLE_SUFFIX = .a;
				GCC_GENERATE_DEBUGGING_SYMBOLS = NO;
				GCC_INLINES_ARE_PRIVATE_EXTERN = NO;
				GCC_OPTIMIZATION_LEVEL = s;
				GCC_PREPROCESSOR_DEFINITIONS = "'CMAKE_INTDIR=\"$(CONFIGURATION)$(EFFECTIVE_PLATFORM_NAME)\"'";
				GCC_SYMBOLS_PRIVATE_EXTERN = NO;
				HEADER_SEARCH_PATHS = /Users/evan/Dropbox/DDAD/dependencies/mpir/Mac;
				INSTALL_PATH = "";
				LIBRARY_STYLE = STATIC;
				OTHER_CFLAGS = "    -DNDEBUG  ";
				OTHER_CPLUSPLUSFLAGS = "    -DNDEBUG  ";
				OTHER_LDFLAGS = " ";
				OTHER_REZFLAGS = "";
				PRODUCT_NAME = geometry;
				SECTORDER_FLAGS = "";
				SYMROOT = /Users/evan/Dropbox/DDAD/evanbin/geometry;
				USE_HEADERMAP = NO;
				WARNING_CFLAGS = (
					"-Wmost",
					"-Wno-four-char-constants",
					"-Wno-unknown-pragmas",
				);
			};
			name = MinSizeRel;
		};
		5D1558D35A444260836E59F4 /* MinSizeRel */ = {
			isa = XCBuildConfiguration;
			buildSettings = {
				COMBINE_HIDPI_IMAGES = YES;
				EXECUTABLE_PREFIX = "";
				EXECUTABLE_SUFFIX = "";
				FRAMEWORK_SEARCH_PATHS = /Users/evan/Qt/5.3/clang_64/lib;
				GCC_GENERATE_DEBUGGING_SYMBOLS = NO;
				GCC_INLINES_ARE_PRIVATE_EXTERN = NO;
				GCC_OPTIMIZATION_LEVEL = s;
				GCC_PREPROCESSOR_DEFINITIONS = (
					"'CMAKE_INTDIR=\"$(CONFIGURATION)$(EFFECTIVE_PLATFORM_NAME)\"'",
					QT_CORE_LIB,
					QT_GUI_LIB,
					QT_WIDGETS_LIB,
					QT_OPENGL_LIB,
					QT_NO_DEBUG,
				);
				GCC_SYMBOLS_PRIVATE_EXTERN = NO;
				HEADER_SEARCH_PATHS = (
					/Users/evan/Dropbox/DDAD/evanbin/workbench,
					/Users/evan/Dropbox/DDAD/workbench,
					/Users/evan/Dropbox/DDAD/dependencies/mpir/Mac,
					/Users/evan/Qt/5.3/clang_64/lib/QtCore.framework/Headers,
					"/Users/evan/Qt/5.3/clang_64/mkspecs/macx-clang",
					/Users/evan/Qt/5.3/clang_64/lib/QtGui.framework/Headers,
					/Applications/Xcode.app/Contents/Developer/Platforms/MacOSX.platform/Developer/SDKs/MacOSX10.9.sdk/System/Library/Frameworks/OpenGL.framework/Headers,
					/Users/evan/Qt/5.3/clang_64/lib/QtWidgets.framework/Headers,
					/Users/evan/Qt/5.3/clang_64/lib/QtOpenGL.framework/Headers,
				);
				INSTALL_PATH = "";
				LD_RUNPATH_SEARCH_PATHS = "/Users/evan/Dropbox/DDAD/dependencies/mpir/Mac /logging /geometry";
				LIBRARY_SEARCH_PATHS = (
					"/Users/evan/Dropbox/DDAD/dependencies/mpir/Mac/$(CONFIGURATION)$(EFFECTIVE_PLATFORM_NAME)",
					/Users/evan/Dropbox/DDAD/dependencies/mpir/Mac,
					"/logging/$(CONFIGURATION)$(EFFECTIVE_PLATFORM_NAME)",
					/logging,
					"/geometry/$(CONFIGURATION)$(EFFECTIVE_PLATFORM_NAME)",
					/geometry,
				);
				OTHER_CFLAGS = "    -DNDEBUG  ";
				OTHER_CPLUSPLUSFLAGS = "    -DNDEBUG  ";
				OTHER_LDFLAGS = (
					"-Wl,-search_paths_first",
					"-Wl,-headerpad_max_install_names",
					/Users/evan/Qt/5.3/clang_64/lib/QtCore.framework/QtCore,
					/Users/evan/Qt/5.3/clang_64/lib/QtGui.framework/QtGui,
					/Users/evan/Qt/5.3/clang_64/lib/QtWidgets.framework/QtWidgets,
					/Users/evan/Qt/5.3/clang_64/lib/QtOpenGL.framework/QtOpenGL,
					/Users/evan/Dropbox/DDAD/evanbin/geometry/MinSizeRel/libgeometry.a,
					"-lmpir",
					"-lmpirxx",
					/Users/evan/Qt/5.3/clang_64/lib/QtWidgets.framework/QtWidgets,
					/Users/evan/Qt/5.3/clang_64/lib/QtGui.framework/QtGui,
					/Users/evan/Qt/5.3/clang_64/lib/QtCore.framework/QtCore,
				);
				OTHER_REZFLAGS = "";
				PRODUCT_NAME = workbench;
				SECTORDER_FLAGS = "";
				SYMROOT = /Users/evan/Dropbox/DDAD/evanbin/workbench;
				USE_HEADERMAP = NO;
				WARNING_CFLAGS = (
					"-Wmost",
					"-Wno-four-char-constants",
					"-Wno-unknown-pragmas",
				);
			};
			name = MinSizeRel;
		};
		69B039B51BD34A19991067F9 /* Release */ = {
			isa = XCBuildConfiguration;
			buildSettings = {
				COMBINE_HIDPI_IMAGES = YES;
				GCC_GENERATE_DEBUGGING_SYMBOLS = NO;
				GCC_INLINES_ARE_PRIVATE_EXTERN = NO;
				GCC_OPTIMIZATION_LEVEL = 0;
				GCC_PREPROCESSOR_DEFINITIONS = "'CMAKE_INTDIR=\"$(CONFIGURATION)$(EFFECTIVE_PLATFORM_NAME)\"'";
				GCC_SYMBOLS_PRIVATE_EXTERN = NO;
				HEADER_SEARCH_PATHS = (
					/Users/evan/Dropbox/DDAD/evanbin/workbench,
					/Users/evan/Dropbox/DDAD/workbench,
					/Users/evan/Dropbox/DDAD/dependencies/mpir/Mac,
				);
				INSTALL_PATH = "";
				OTHER_CFLAGS = "  ";
				OTHER_LDFLAGS = " ";
				OTHER_REZFLAGS = "";
				PRODUCT_NAME = workbench_automoc;
				SECTORDER_FLAGS = "";
				SYMROOT = /Users/evan/Dropbox/DDAD/evanbin/workbench;
				USE_HEADERMAP = NO;
				WARNING_CFLAGS = (
					"-Wmost",
					"-Wno-four-char-constants",
					"-Wno-unknown-pragmas",
				);
			};
			name = Release;
		};
		857DFBE6BC5346729417F56D /* Debug */ = {
			isa = XCBuildConfiguration;
			buildSettings = {
				COMBINE_HIDPI_IMAGES = YES;
				GCC_GENERATE_DEBUGGING_SYMBOLS = NO;
				GCC_INLINES_ARE_PRIVATE_EXTERN = NO;
				GCC_OPTIMIZATION_LEVEL = 0;
				GCC_PREPROCESSOR_DEFINITIONS = "'CMAKE_INTDIR=\"$(CONFIGURATION)$(EFFECTIVE_PLATFORM_NAME)\"'";
				GCC_SYMBOLS_PRIVATE_EXTERN = NO;
				GCC_VERSION = "";
				HEADER_SEARCH_PATHS = /Users/evan/Dropbox/DDAD/dependencies/mpir/Mac;
				INSTALL_PATH = "";
				OTHER_CFLAGS = "  ";
				OTHER_LDFLAGS = " ";
				OTHER_REZFLAGS = "";
				PRODUCT_NAME = ALL_BUILD;
				SECTORDER_FLAGS = "";
				SYMROOT = /Users/evan/Dropbox/DDAD/evanbin;
				USE_HEADERMAP = NO;
				WARNING_CFLAGS = "";
			};
			name = Debug;
		};
		A1D722841BB1423991D83CFA /* RelWithDebInfo */ = {
			isa = XCBuildConfiguration;
			buildSettings = {
				COMBINE_HIDPI_IMAGES = YES;
				GCC_GENERATE_DEBUGGING_SYMBOLS = NO;
				GCC_INLINES_ARE_PRIVATE_EXTERN = NO;
				GCC_OPTIMIZATION_LEVEL = 0;
				GCC_PREPROCESSOR_DEFINITIONS = "'CMAKE_INTDIR=\"$(CONFIGURATION)$(EFFECTIVE_PLATFORM_NAME)\"'";
				GCC_SYMBOLS_PRIVATE_EXTERN = NO;
				HEADER_SEARCH_PATHS = /Users/evan/Dropbox/DDAD/dependencies/mpir/Mac;
				INSTALL_PATH = "";
				OTHER_CFLAGS = "  ";
				OTHER_LDFLAGS = " ";
				OTHER_REZFLAGS = "";
				PRODUCT_NAME = ZERO_CHECK;
				SECTORDER_FLAGS = "";
				SYMROOT = /Users/evan/Dropbox/DDAD/evanbin;
				USE_HEADERMAP = NO;
				WARNING_CFLAGS = (
					"-Wmost",
					"-Wno-four-char-constants",
					"-Wno-unknown-pragmas",
				);
			};
			name = RelWithDebInfo;
		};
		AB17239557CE4C2D8278E6D7 /* Debug */ = {
			isa = XCBuildConfiguration;
			buildSettings = {
				COMBINE_HIDPI_IMAGES = YES;
				EXECUTABLE_PREFIX = lib;
				EXECUTABLE_SUFFIX = .a;
				GCC_GENERATE_DEBUGGING_SYMBOLS = YES;
				GCC_INLINES_ARE_PRIVATE_EXTERN = NO;
				GCC_OPTIMIZATION_LEVEL = 0;
				GCC_PREPROCESSOR_DEFINITIONS = "'CMAKE_INTDIR=\"$(CONFIGURATION)$(EFFECTIVE_PLATFORM_NAME)\"'";
				GCC_SYMBOLS_PRIVATE_EXTERN = NO;
				HEADER_SEARCH_PATHS = /Users/evan/Dropbox/DDAD/dependencies/mpir/Mac;
				INSTALL_PATH = "";
				LIBRARY_STYLE = STATIC;
				OTHER_CFLAGS = "    ";
				OTHER_CPLUSPLUSFLAGS = "    ";
				OTHER_LDFLAGS = " ";
				OTHER_REZFLAGS = "";
				PRODUCT_NAME = logging;
				SECTORDER_FLAGS = "";
				SYMROOT = /Users/evan/Dropbox/DDAD/evanbin/logging;
				USE_HEADERMAP = NO;
				WARNING_CFLAGS = (
					"-Wmost",
					"-Wno-four-char-constants",
					"-Wno-unknown-pragmas",
				);
			};
			name = Debug;
		};
		AC63CF38E0CD401D9FA97A93 /* RelWithDebInfo */ = {
			isa = XCBuildConfiguration;
			buildSettings = {
				ARCHS = "$(ARCHS_STANDARD_32_64_BIT)";
				ONLY_ACTIVE_ARCH = YES;
				SDKROOT = /Applications/Xcode.app/Contents/Developer/Platforms/MacOSX.platform/Developer/SDKs/MacOSX10.9.sdk;
				SYMROOT = /Users/evan/Dropbox/DDAD/evanbin/build;
			};
			name = RelWithDebInfo;
		};
		B5BA7BF1FA124A51AC637F6C /* Release */ = {
			isa = XCBuildConfiguration;
			buildSettings = {
				COMBINE_HIDPI_IMAGES = YES;
				GCC_GENERATE_DEBUGGING_SYMBOLS = NO;
				GCC_INLINES_ARE_PRIVATE_EXTERN = NO;
				GCC_OPTIMIZATION_LEVEL = 0;
				GCC_PREPROCESSOR_DEFINITIONS = "'CMAKE_INTDIR=\"$(CONFIGURATION)$(EFFECTIVE_PLATFORM_NAME)\"'";
				GCC_SYMBOLS_PRIVATE_EXTERN = NO;
				HEADER_SEARCH_PATHS = /Users/evan/Dropbox/DDAD/dependencies/mpir/Mac;
				INSTALL_PATH = "";
				OTHER_CFLAGS = "  ";
				OTHER_LDFLAGS = " ";
				OTHER_REZFLAGS = "";
				PRODUCT_NAME = ZERO_CHECK;
				SECTORDER_FLAGS = "";
				SYMROOT = /Users/evan/Dropbox/DDAD/evanbin;
				USE_HEADERMAP = NO;
				WARNING_CFLAGS = (
					"-Wmost",
					"-Wno-four-char-constants",
					"-Wno-unknown-pragmas",
				);
			};
			name = Release;
		};
		B61A6D9959104248BEF75C0A /* Debug */ = {
			isa = XCBuildConfiguration;
			buildSettings = {
				COMBINE_HIDPI_IMAGES = YES;
				EXECUTABLE_PREFIX = "";
				EXECUTABLE_SUFFIX = "";
				FRAMEWORK_SEARCH_PATHS = /Users/evan/Qt/5.3/clang_64/lib;
				GCC_GENERATE_DEBUGGING_SYMBOLS = YES;
				GCC_INLINES_ARE_PRIVATE_EXTERN = NO;
				GCC_OPTIMIZATION_LEVEL = 0;
				GCC_PREPROCESSOR_DEFINITIONS = (
					"'CMAKE_INTDIR=\"$(CONFIGURATION)$(EFFECTIVE_PLATFORM_NAME)\"'",
					QT_CORE_LIB,
					QT_GUI_LIB,
					QT_WIDGETS_LIB,
					QT_OPENGL_LIB,
				);
				GCC_SYMBOLS_PRIVATE_EXTERN = NO;
				HEADER_SEARCH_PATHS = (
					/Users/evan/Dropbox/DDAD/evanbin/workbench,
					/Users/evan/Dropbox/DDAD/workbench,
					/Users/evan/Dropbox/DDAD/dependencies/mpir/Mac,
					/Users/evan/Qt/5.3/clang_64/lib/QtCore.framework/Headers,
					"/Users/evan/Qt/5.3/clang_64/mkspecs/macx-clang",
					/Users/evan/Qt/5.3/clang_64/lib/QtGui.framework/Headers,
					/Applications/Xcode.app/Contents/Developer/Platforms/MacOSX.platform/Developer/SDKs/MacOSX10.9.sdk/System/Library/Frameworks/OpenGL.framework/Headers,
					/Users/evan/Qt/5.3/clang_64/lib/QtWidgets.framework/Headers,
					/Users/evan/Qt/5.3/clang_64/lib/QtOpenGL.framework/Headers,
				);
				INSTALL_PATH = "";
				LD_RUNPATH_SEARCH_PATHS = "/Users/evan/Dropbox/DDAD/dependencies/mpir/Mac /logging /geometry";
				LIBRARY_SEARCH_PATHS = (
					"/Users/evan/Dropbox/DDAD/dependencies/mpir/Mac/$(CONFIGURATION)$(EFFECTIVE_PLATFORM_NAME)",
					/Users/evan/Dropbox/DDAD/dependencies/mpir/Mac,
					"/logging/$(CONFIGURATION)$(EFFECTIVE_PLATFORM_NAME)",
					/logging,
					"/geometry/$(CONFIGURATION)$(EFFECTIVE_PLATFORM_NAME)",
					/geometry,
				);
				OTHER_CFLAGS = "    ";
				OTHER_CPLUSPLUSFLAGS = "    ";
				OTHER_LDFLAGS = (
					"-Wl,-search_paths_first",
					"-Wl,-headerpad_max_install_names",
					/Users/evan/Qt/5.3/clang_64/lib/QtCore.framework/QtCore,
					/Users/evan/Qt/5.3/clang_64/lib/QtGui.framework/QtGui,
					/Users/evan/Qt/5.3/clang_64/lib/QtWidgets.framework/QtWidgets,
					/Users/evan/Qt/5.3/clang_64/lib/QtOpenGL.framework/QtOpenGL,
					/Users/evan/Dropbox/DDAD/evanbin/geometry/Debug/libgeometry.a,
					"-lmpir",
					"-lmpirxx",
					/Users/evan/Qt/5.3/clang_64/lib/QtWidgets.framework/QtWidgets,
					/Users/evan/Qt/5.3/clang_64/lib/QtGui.framework/QtGui,
					/Users/evan/Qt/5.3/clang_64/lib/QtCore.framework/QtCore,
				);
				OTHER_REZFLAGS = "";
				PRODUCT_NAME = workbench;
				SECTORDER_FLAGS = "";
				SYMROOT = /Users/evan/Dropbox/DDAD/evanbin/workbench;
				USE_HEADERMAP = NO;
				WARNING_CFLAGS = (
					"-Wmost",
					"-Wno-four-char-constants",
					"-Wno-unknown-pragmas",
				);
			};
			name = Debug;
		};
		BB9A793C57904FE3BA8A6A53 /* Debug */ = {
			isa = XCBuildConfiguration;
			buildSettings = {
				ARCHS = "$(ARCHS_STANDARD_32_64_BIT)";
				ONLY_ACTIVE_ARCH = YES;
				SDKROOT = /Applications/Xcode.app/Contents/Developer/Platforms/MacOSX.platform/Developer/SDKs/MacOSX10.9.sdk;
				SYMROOT = /Users/evan/Dropbox/DDAD/evanbin/build;
			};
			name = Debug;
		};
		C7306ABAF0A94EF19375A44D /* RelWithDebInfo */ = {
			isa = XCBuildConfiguration;
			buildSettings = {
				COMBINE_HIDPI_IMAGES = YES;
				EXECUTABLE_PREFIX = "";
				EXECUTABLE_SUFFIX = "";
				FRAMEWORK_SEARCH_PATHS = /Users/evan/Qt/5.3/clang_64/lib;
				GCC_GENERATE_DEBUGGING_SYMBOLS = YES;
				GCC_INLINES_ARE_PRIVATE_EXTERN = NO;
				GCC_OPTIMIZATION_LEVEL = 2;
				GCC_PREPROCESSOR_DEFINITIONS = (
					"'CMAKE_INTDIR=\"$(CONFIGURATION)$(EFFECTIVE_PLATFORM_NAME)\"'",
					QT_CORE_LIB,
					QT_GUI_LIB,
					QT_WIDGETS_LIB,
					QT_OPENGL_LIB,
					QT_NO_DEBUG,
				);
				GCC_SYMBOLS_PRIVATE_EXTERN = NO;
				HEADER_SEARCH_PATHS = (
					/Users/evan/Dropbox/DDAD/evanbin/workbench,
					/Users/evan/Dropbox/DDAD/workbench,
					/Users/evan/Dropbox/DDAD/dependencies/mpir/Mac,
					/Users/evan/Qt/5.3/clang_64/lib/QtCore.framework/Headers,
					"/Users/evan/Qt/5.3/clang_64/mkspecs/macx-clang",
					/Users/evan/Qt/5.3/clang_64/lib/QtGui.framework/Headers,
					/Applications/Xcode.app/Contents/Developer/Platforms/MacOSX.platform/Developer/SDKs/MacOSX10.9.sdk/System/Library/Frameworks/OpenGL.framework/Headers,
					/Users/evan/Qt/5.3/clang_64/lib/QtWidgets.framework/Headers,
					/Users/evan/Qt/5.3/clang_64/lib/QtOpenGL.framework/Headers,
				);
				INSTALL_PATH = "";
				LD_RUNPATH_SEARCH_PATHS = "/Users/evan/Dropbox/DDAD/dependencies/mpir/Mac /logging /geometry";
				LIBRARY_SEARCH_PATHS = (
					"/Users/evan/Dropbox/DDAD/dependencies/mpir/Mac/$(CONFIGURATION)$(EFFECTIVE_PLATFORM_NAME)",
					/Users/evan/Dropbox/DDAD/dependencies/mpir/Mac,
					"/logging/$(CONFIGURATION)$(EFFECTIVE_PLATFORM_NAME)",
					/logging,
					"/geometry/$(CONFIGURATION)$(EFFECTIVE_PLATFORM_NAME)",
					/geometry,
				);
				OTHER_CFLAGS = "       -DNDEBUG  ";
				OTHER_CPLUSPLUSFLAGS = "       -DNDEBUG  ";
				OTHER_LDFLAGS = (
					"-Wl,-search_paths_first",
					"-Wl,-headerpad_max_install_names",
					/Users/evan/Qt/5.3/clang_64/lib/QtCore.framework/QtCore,
					/Users/evan/Qt/5.3/clang_64/lib/QtGui.framework/QtGui,
					/Users/evan/Qt/5.3/clang_64/lib/QtWidgets.framework/QtWidgets,
					/Users/evan/Qt/5.3/clang_64/lib/QtOpenGL.framework/QtOpenGL,
					/Users/evan/Dropbox/DDAD/evanbin/geometry/RelWithDebInfo/libgeometry.a,
					"-lmpir",
					"-lmpirxx",
					/Users/evan/Qt/5.3/clang_64/lib/QtWidgets.framework/QtWidgets,
					/Users/evan/Qt/5.3/clang_64/lib/QtGui.framework/QtGui,
					/Users/evan/Qt/5.3/clang_64/lib/QtCore.framework/QtCore,
				);
				OTHER_REZFLAGS = "";
				PRODUCT_NAME = workbench;
				SECTORDER_FLAGS = "";
				SYMROOT = /Users/evan/Dropbox/DDAD/evanbin/workbench;
				USE_HEADERMAP = NO;
				WARNING_CFLAGS = (
					"-Wmost",
					"-Wno-four-char-constants",
					"-Wno-unknown-pragmas",
				);
			};
			name = RelWithDebInfo;
		};
		C94BD8B7750E45BF9F4D140C /* Release */ = {
			isa = XCBuildConfiguration;
			buildSettings = {
				COMBINE_HIDPI_IMAGES = YES;
				EXECUTABLE_PREFIX = "";
				EXECUTABLE_SUFFIX = "";
				FRAMEWORK_SEARCH_PATHS = /Users/evan/Qt/5.3/clang_64/lib;
				GCC_GENERATE_DEBUGGING_SYMBOLS = NO;
				GCC_INLINES_ARE_PRIVATE_EXTERN = NO;
				GCC_OPTIMIZATION_LEVEL = 3;
				GCC_PREPROCESSOR_DEFINITIONS = (
					"'CMAKE_INTDIR=\"$(CONFIGURATION)$(EFFECTIVE_PLATFORM_NAME)\"'",
					QT_CORE_LIB,
					QT_GUI_LIB,
					QT_WIDGETS_LIB,
					QT_OPENGL_LIB,
					QT_NO_DEBUG,
				);
				GCC_SYMBOLS_PRIVATE_EXTERN = NO;
				HEADER_SEARCH_PATHS = (
					/Users/evan/Dropbox/DDAD/evanbin/workbench,
					/Users/evan/Dropbox/DDAD/workbench,
					/Users/evan/Dropbox/DDAD/dependencies/mpir/Mac,
					/Users/evan/Qt/5.3/clang_64/lib/QtCore.framework/Headers,
					"/Users/evan/Qt/5.3/clang_64/mkspecs/macx-clang",
					/Users/evan/Qt/5.3/clang_64/lib/QtGui.framework/Headers,
					/Applications/Xcode.app/Contents/Developer/Platforms/MacOSX.platform/Developer/SDKs/MacOSX10.9.sdk/System/Library/Frameworks/OpenGL.framework/Headers,
					/Users/evan/Qt/5.3/clang_64/lib/QtWidgets.framework/Headers,
					/Users/evan/Qt/5.3/clang_64/lib/QtOpenGL.framework/Headers,
				);
				INSTALL_PATH = "";
				LD_RUNPATH_SEARCH_PATHS = "/Users/evan/Dropbox/DDAD/dependencies/mpir/Mac /logging /geometry";
				LIBRARY_SEARCH_PATHS = (
					"/Users/evan/Dropbox/DDAD/dependencies/mpir/Mac/$(CONFIGURATION)$(EFFECTIVE_PLATFORM_NAME)",
					/Users/evan/Dropbox/DDAD/dependencies/mpir/Mac,
					"/logging/$(CONFIGURATION)$(EFFECTIVE_PLATFORM_NAME)",
					/logging,
					"/geometry/$(CONFIGURATION)$(EFFECTIVE_PLATFORM_NAME)",
					/geometry,
				);
				OTHER_CFLAGS = "    -DNDEBUG  ";
				OTHER_CPLUSPLUSFLAGS = "    -DNDEBUG  ";
				OTHER_LDFLAGS = (
					"-Wl,-search_paths_first",
					"-Wl,-headerpad_max_install_names",
					/Users/evan/Qt/5.3/clang_64/lib/QtCore.framework/QtCore,
					/Users/evan/Qt/5.3/clang_64/lib/QtGui.framework/QtGui,
					/Users/evan/Qt/5.3/clang_64/lib/QtWidgets.framework/QtWidgets,
					/Users/evan/Qt/5.3/clang_64/lib/QtOpenGL.framework/QtOpenGL,
					/Users/evan/Dropbox/DDAD/evanbin/geometry/Release/libgeometry.a,
					"-lmpir",
					"-lmpirxx",
					/Users/evan/Qt/5.3/clang_64/lib/QtWidgets.framework/QtWidgets,
					/Users/evan/Qt/5.3/clang_64/lib/QtGui.framework/QtGui,
					/Users/evan/Qt/5.3/clang_64/lib/QtCore.framework/QtCore,
				);
				OTHER_REZFLAGS = "";
				PRODUCT_NAME = workbench;
				SECTORDER_FLAGS = "";
				SYMROOT = /Users/evan/Dropbox/DDAD/evanbin/workbench;
				USE_HEADERMAP = NO;
				WARNING_CFLAGS = (
					"-Wmost",
					"-Wno-four-char-constants",
					"-Wno-unknown-pragmas",
				);
			};
			name = Release;
		};
		D67DBB48C28C4C92B86C215B /* Release */ = {
			isa = XCBuildConfiguration;
			buildSettings = {
				COMBINE_HIDPI_IMAGES = YES;
				EXECUTABLE_PREFIX = lib;
				EXECUTABLE_SUFFIX = .a;
				GCC_GENERATE_DEBUGGING_SYMBOLS = NO;
				GCC_INLINES_ARE_PRIVATE_EXTERN = NO;
				GCC_OPTIMIZATION_LEVEL = 3;
				GCC_PREPROCESSOR_DEFINITIONS = "'CMAKE_INTDIR=\"$(CONFIGURATION)$(EFFECTIVE_PLATFORM_NAME)\"'";
				GCC_SYMBOLS_PRIVATE_EXTERN = NO;
				HEADER_SEARCH_PATHS = /Users/evan/Dropbox/DDAD/dependencies/mpir/Mac;
				INSTALL_PATH = "";
				LIBRARY_STYLE = STATIC;
				OTHER_CFLAGS = "    -DNDEBUG  ";
				OTHER_CPLUSPLUSFLAGS = "    -DNDEBUG  ";
				OTHER_LDFLAGS = " ";
				OTHER_REZFLAGS = "";
				PRODUCT_NAME = logging;
				SECTORDER_FLAGS = "";
				SYMROOT = /Users/evan/Dropbox/DDAD/evanbin/logging;
				USE_HEADERMAP = NO;
				WARNING_CFLAGS = (
					"-Wmost",
					"-Wno-four-char-constants",
					"-Wno-unknown-pragmas",
				);
			};
			name = Release;
		};
		DF2671F55D554488ADC02F76 /* RelWithDebInfo */ = {
			isa = XCBuildConfiguration;
			buildSettings = {
				COMBINE_HIDPI_IMAGES = YES;
				EXECUTABLE_PREFIX = lib;
				EXECUTABLE_SUFFIX = .a;
				GCC_GENERATE_DEBUGGING_SYMBOLS = YES;
				GCC_INLINES_ARE_PRIVATE_EXTERN = NO;
				GCC_OPTIMIZATION_LEVEL = 2;
				GCC_PREPROCESSOR_DEFINITIONS = "'CMAKE_INTDIR=\"$(CONFIGURATION)$(EFFECTIVE_PLATFORM_NAME)\"'";
				GCC_SYMBOLS_PRIVATE_EXTERN = NO;
				HEADER_SEARCH_PATHS = /Users/evan/Dropbox/DDAD/dependencies/mpir/Mac;
				INSTALL_PATH = "";
				LIBRARY_STYLE = STATIC;
				OTHER_CFLAGS = "       -DNDEBUG  ";
				OTHER_CPLUSPLUSFLAGS = "       -DNDEBUG  ";
				OTHER_LDFLAGS = " ";
				OTHER_REZFLAGS = "";
				PRODUCT_NAME = logging;
				SECTORDER_FLAGS = "";
				SYMROOT = /Users/evan/Dropbox/DDAD/evanbin/logging;
				USE_HEADERMAP = NO;
				WARNING_CFLAGS = (
					"-Wmost",
					"-Wno-four-char-constants",
					"-Wno-unknown-pragmas",
				);
			};
			name = RelWithDebInfo;
		};
		E0438A4641974F7E85E36A6B /* Debug */ = {
			isa = XCBuildConfiguration;
			buildSettings = {
				COMBINE_HIDPI_IMAGES = YES;
				GCC_GENERATE_DEBUGGING_SYMBOLS = NO;
				GCC_INLINES_ARE_PRIVATE_EXTERN = NO;
				GCC_OPTIMIZATION_LEVEL = 0;
				GCC_PREPROCESSOR_DEFINITIONS = "'CMAKE_INTDIR=\"$(CONFIGURATION)$(EFFECTIVE_PLATFORM_NAME)\"'";
				GCC_SYMBOLS_PRIVATE_EXTERN = NO;
				HEADER_SEARCH_PATHS = (
					/Users/evan/Dropbox/DDAD/evanbin/workbench,
					/Users/evan/Dropbox/DDAD/workbench,
					/Users/evan/Dropbox/DDAD/dependencies/mpir/Mac,
				);
				INSTALL_PATH = "";
				OTHER_CFLAGS = "  ";
				OTHER_LDFLAGS = " ";
				OTHER_REZFLAGS = "";
				PRODUCT_NAME = workbench_automoc;
				SECTORDER_FLAGS = "";
				SYMROOT = /Users/evan/Dropbox/DDAD/evanbin/workbench;
				USE_HEADERMAP = NO;
				WARNING_CFLAGS = (
					"-Wmost",
					"-Wno-four-char-constants",
					"-Wno-unknown-pragmas",
				);
			};
			name = Debug;
		};
		E546AF384D114A51A90F71DC /* MinSizeRel */ = {
			isa = XCBuildConfiguration;
			buildSettings = {
				COMBINE_HIDPI_IMAGES = YES;
				GCC_GENERATE_DEBUGGING_SYMBOLS = NO;
				GCC_INLINES_ARE_PRIVATE_EXTERN = NO;
				GCC_OPTIMIZATION_LEVEL = 0;
				GCC_PREPROCESSOR_DEFINITIONS = "'CMAKE_INTDIR=\"$(CONFIGURATION)$(EFFECTIVE_PLATFORM_NAME)\"'";
				GCC_SYMBOLS_PRIVATE_EXTERN = NO;
				GCC_VERSION = "";
				HEADER_SEARCH_PATHS = /Users/evan/Dropbox/DDAD/dependencies/mpir/Mac;
				INSTALL_PATH = "";
				OTHER_CFLAGS = "  ";
				OTHER_LDFLAGS = " ";
				OTHER_REZFLAGS = "";
				PRODUCT_NAME = ALL_BUILD;
				SECTORDER_FLAGS = "";
				SYMROOT = /Users/evan/Dropbox/DDAD/evanbin;
				USE_HEADERMAP = NO;
				WARNING_CFLAGS = "";
			};
			name = MinSizeRel;
		};
		EB6B624162434A1FBE75E01D /* Release */ = {
			isa = XCBuildConfiguration;
			buildSettings = {
				COMBINE_HIDPI_IMAGES = YES;
				GCC_GENERATE_DEBUGGING_SYMBOLS = NO;
				GCC_INLINES_ARE_PRIVATE_EXTERN = NO;
				GCC_OPTIMIZATION_LEVEL = 0;
				GCC_PREPROCESSOR_DEFINITIONS = "'CMAKE_INTDIR=\"$(CONFIGURATION)$(EFFECTIVE_PLATFORM_NAME)\"'";
				GCC_SYMBOLS_PRIVATE_EXTERN = NO;
				GCC_VERSION = "";
				HEADER_SEARCH_PATHS = /Users/evan/Dropbox/DDAD/dependencies/mpir/Mac;
				INSTALL_PATH = "";
				OTHER_CFLAGS = "  ";
				OTHER_LDFLAGS = " ";
				OTHER_REZFLAGS = "";
				PRODUCT_NAME = ALL_BUILD;
				SECTORDER_FLAGS = "";
				SYMROOT = /Users/evan/Dropbox/DDAD/evanbin;
				USE_HEADERMAP = NO;
				WARNING_CFLAGS = "";
			};
			name = Release;
		};
		EF9D1F8349884ACFAA3DD771 /* Release */ = {
			isa = XCBuildConfiguration;
			buildSettings = {
				ARCHS = "$(ARCHS_STANDARD_32_64_BIT)";
				ONLY_ACTIVE_ARCH = YES;
				SDKROOT = /Applications/Xcode.app/Contents/Developer/Platforms/MacOSX.platform/Developer/SDKs/MacOSX10.9.sdk;
				SYMROOT = /Users/evan/Dropbox/DDAD/evanbin/build;
			};
			name = Release;
		};
		F8CAF2940EC44CBDB6B9CDFE /* RelWithDebInfo */ = {
			isa = XCBuildConfiguration;
			buildSettings = {
				COMBINE_HIDPI_IMAGES = YES;
				GCC_GENERATE_DEBUGGING_SYMBOLS = NO;
				GCC_INLINES_ARE_PRIVATE_EXTERN = NO;
				GCC_OPTIMIZATION_LEVEL = 0;
				GCC_PREPROCESSOR_DEFINITIONS = "'CMAKE_INTDIR=\"$(CONFIGURATION)$(EFFECTIVE_PLATFORM_NAME)\"'";
				GCC_SYMBOLS_PRIVATE_EXTERN = NO;
				GCC_VERSION = "";
				HEADER_SEARCH_PATHS = /Users/evan/Dropbox/DDAD/dependencies/mpir/Mac;
				INSTALL_PATH = "";
				OTHER_CFLAGS = "  ";
				OTHER_LDFLAGS = " ";
				OTHER_REZFLAGS = "";
				PRODUCT_NAME = ALL_BUILD;
				SECTORDER_FLAGS = "";
				SYMROOT = /Users/evan/Dropbox/DDAD/evanbin;
				USE_HEADERMAP = NO;
				WARNING_CFLAGS = "";
			};
			name = RelWithDebInfo;
		};
/* End XCBuildConfiguration section */

/* Begin XCConfigurationList section */
		5E5F983E5DBC4DB0808D53A9 /* Build configuration list for PBXProject "DDAD" */ = {
			isa = XCConfigurationList;
			buildConfigurations = (
				BB9A793C57904FE3BA8A6A53 /* Debug */,
				EF9D1F8349884ACFAA3DD771 /* Release */,
				3588355AF5624C2A96F99DF6 /* MinSizeRel */,
				AC63CF38E0CD401D9FA97A93 /* RelWithDebInfo */,
			);
			defaultConfigurationIsVisible = 0;
			defaultConfigurationName = Debug;
		};
		A1D4F06D416B4FDEB16BECDF /* Build configuration list for PBXNativeTarget "workbench" */ = {
			isa = XCConfigurationList;
			buildConfigurations = (
				B61A6D9959104248BEF75C0A /* Debug */,
				C94BD8B7750E45BF9F4D140C /* Release */,
				5D1558D35A444260836E59F4 /* MinSizeRel */,
				C7306ABAF0A94EF19375A44D /* RelWithDebInfo */,
			);
			defaultConfigurationIsVisible = 0;
			defaultConfigurationName = Debug;
		};
		B5FB9FEC0B3449A6A9415C47 /* Build configuration list for PBXNativeTarget "geometry" */ = {
			isa = XCConfigurationList;
			buildConfigurations = (
				1DF09FBD7AC84323B5FF8320 /* Debug */,
				0DCE5C627EAE4345B8A0391C /* Release */,
				45F95844A30640ECAC65D00D /* MinSizeRel */,
				4051655F30244D689299384F /* RelWithDebInfo */,
			);
			defaultConfigurationIsVisible = 0;
			defaultConfigurationName = Debug;
		};
		BED8C4C7109B4247839CB2A8 /* Build configuration list for PBXNativeTarget "logging" */ = {
			isa = XCConfigurationList;
			buildConfigurations = (
				AB17239557CE4C2D8278E6D7 /* Debug */,
				D67DBB48C28C4C92B86C215B /* Release */,
				0AF3B74DF97141568179A733 /* MinSizeRel */,
				DF2671F55D554488ADC02F76 /* RelWithDebInfo */,
			);
			defaultConfigurationIsVisible = 0;
			defaultConfigurationName = Debug;
		};
		C46B9D3F56504D0EA24D71E7 /* Build configuration list for PBXAggregateTarget "ALL_BUILD" */ = {
			isa = XCConfigurationList;
			buildConfigurations = (
				857DFBE6BC5346729417F56D /* Debug */,
				EB6B624162434A1FBE75E01D /* Release */,
				E546AF384D114A51A90F71DC /* MinSizeRel */,
				F8CAF2940EC44CBDB6B9CDFE /* RelWithDebInfo */,
			);
			defaultConfigurationIsVisible = 0;
			defaultConfigurationName = Debug;
		};
		D721ADD2886C493CBB806797 /* Build configuration list for PBXAggregateTarget "workbench_automoc" */ = {
			isa = XCConfigurationList;
			buildConfigurations = (
				E0438A4641974F7E85E36A6B /* Debug */,
				69B039B51BD34A19991067F9 /* Release */,
				11F392A5454F42E5A767AC8B /* MinSizeRel */,
				15EBE8987EF34B95ABDC7179 /* RelWithDebInfo */,
			);
			defaultConfigurationIsVisible = 0;
			defaultConfigurationName = Debug;
		};
		FFFBAC85468A4CF6A4015B6A /* Build configuration list for PBXAggregateTarget "ZERO_CHECK" */ = {
			isa = XCConfigurationList;
			buildConfigurations = (
				41474EF3179B40AC8C9C9FF9 /* Debug */,
				B5BA7BF1FA124A51AC637F6C /* Release */,
				1DBB9CB6D04C48B8A3A50873 /* MinSizeRel */,
				A1D722841BB1423991D83CFA /* RelWithDebInfo */,
			);
			defaultConfigurationIsVisible = 0;
			defaultConfigurationName = Debug;
		};
/* End XCConfigurationList section */
	};
	rootObject = 7D8EB407AC1B4111BBF90FCE /* Project object */;
}
